{
  "version": 4,
  "terraform_version": "1.13.3",
  "serial": 6,
  "lineage": "c7f87a5a-7345-90df-9f29-58940d8dbef9",
  "outputs": {
    "ec2_public_dns": {
      "value": "ec2-3-95-209-151.compute-1.amazonaws.com",
      "type": "string"
    },
    "ec2_public_ip": {
      "value": "3.95.209.151",
      "type": "string"
    }
  },
  "resources": [
    {
      "mode": "data",
      "type": "aws_ami",
      "name": "al2023",
      "provider": "provider[\"registry.terraform.io/hashicorp/aws\"]",
      "instances": [
        {
          "schema_version": 0,
          "attributes": {
            "architecture": "x86_64",
            "arn": "arn:aws:ec2:us-east-1::image/ami-0d823ae036c005edf",
            "block_device_mappings": [
              {
                "device_name": "/dev/xvda",
                "ebs": {
                  "delete_on_termination": "true",
                  "encrypted": "false",
                  "iops": "3000",
                  "snapshot_id": "snap-01dcf40dc6a84b6c6",
                  "throughput": "125",
                  "volume_initialization_rate": "0",
                  "volume_size": "2",
                  "volume_type": "gp3"
                },
                "no_device": "",
                "virtual_name": ""
              }
            ],
            "boot_mode": "uefi-preferred",
            "creation_date": "2025-10-23T20:01:23.000Z",
            "deprecation_time": "2026-01-21T00:00:00.000Z",
            "description": "Amazon Linux 2023 AMI 2023.9.20251027.0 x86_64 Minimal HVM kernel-6.1",
            "ena_support": true,
            "executable_users": null,
            "filter": [
              {
                "name": "name",
                "values": [
                  "al2023-ami-*-kernel-6.1-x86_64"
                ]
              }
            ],
            "hypervisor": "xen",
            "id": "ami-0d823ae036c005edf",
            "image_id": "ami-0d823ae036c005edf",
            "image_location": "amazon/al2023-ami-minimal-2023.9.20251027.0-kernel-6.1-x86_64",
            "image_owner_alias": "amazon",
            "image_type": "machine",
            "imds_support": "v2.0",
            "include_deprecated": false,
            "kernel_id": "",
            "last_launched_time": "",
            "most_recent": true,
            "name": "al2023-ami-minimal-2023.9.20251027.0-kernel-6.1-x86_64",
            "name_regex": null,
            "owner_id": "137112412989",
            "owners": [
              "137112412989"
            ],
            "platform": "",
            "platform_details": "Linux/UNIX",
            "product_codes": [],
            "public": true,
            "ramdisk_id": "",
            "root_device_name": "/dev/xvda",
            "root_device_type": "ebs",
            "root_snapshot_id": "snap-01dcf40dc6a84b6c6",
            "sriov_net_support": "simple",
            "state": "available",
            "state_reason": {
              "code": "UNSET",
              "message": "UNSET"
            },
            "tags": {},
            "timeouts": null,
            "tpm_support": "",
            "uefi_data": null,
            "usage_operation": "RunInstances",
            "virtualization_type": "hvm"
          },
          "sensitive_attributes": [],
          "identity_schema_version": 0
        }
      ]
    },
    {
      "mode": "managed",
      "type": "aws_instance",
      "name": "this",
      "provider": "provider[\"registry.terraform.io/hashicorp/aws\"]",
      "instances": [
        {
          "schema_version": 1,
          "attributes": {
            "ami": "ami-0d823ae036c005edf",
            "arn": "arn:aws:ec2:us-east-1:274436153853:instance/i-05cb52ede411dc2fb",
            "associate_public_ip_address": true,
            "availability_zone": "us-east-1c",
            "capacity_reservation_specification": [
              {
                "capacity_reservation_preference": "open",
                "capacity_reservation_target": []
              }
            ],
            "cpu_core_count": 1,
            "cpu_options": [
              {
                "amd_sev_snp": "",
                "core_count": 1,
                "threads_per_core": 2
              }
            ],
            "cpu_threads_per_core": 2,
            "credit_specification": [
              {
                "cpu_credits": "unlimited"
              }
            ],
            "disable_api_stop": false,
            "disable_api_termination": false,
            "ebs_block_device": [],
            "ebs_optimized": false,
            "enable_primary_ipv6": null,
            "enclave_options": [
              {
                "enabled": false
              }
            ],
            "ephemeral_block_device": [],
            "get_password_data": false,
            "hibernation": false,
            "host_id": "",
            "host_resource_group_arn": null,
            "iam_instance_profile": "",
            "id": "i-05cb52ede411dc2fb",
            "instance_initiated_shutdown_behavior": "stop",
            "instance_lifecycle": "",
            "instance_market_options": [],
            "instance_state": "running",
            "instance_type": "t3.micro",
            "ipv6_address_count": 0,
            "ipv6_addresses": [],
            "key_name": "demo-lab-cicd-kp",
            "launch_template": [],
            "maintenance_options": [
              {
                "auto_recovery": "default"
              }
            ],
            "metadata_options": [
              {
                "http_endpoint": "enabled",
                "http_protocol_ipv6": "disabled",
                "http_put_response_hop_limit": 2,
                "http_tokens": "required",
                "instance_metadata_tags": "disabled"
              }
            ],
            "monitoring": false,
            "network_interface": [],
            "outpost_arn": "",
            "password_data": "",
            "placement_group": "",
            "placement_partition_number": 0,
            "primary_network_interface_id": "eni-0c4abf8975684e82c",
            "private_dns": "ip-172-31-26-240.ec2.internal",
            "private_dns_name_options": [
              {
                "enable_resource_name_dns_a_record": false,
                "enable_resource_name_dns_aaaa_record": false,
                "hostname_type": "ip-name"
              }
            ],
            "private_ip": "172.31.26.240",
            "public_dns": "ec2-3-95-209-151.compute-1.amazonaws.com",
            "public_ip": "3.95.209.151",
            "root_block_device": [
              {
                "delete_on_termination": true,
                "device_name": "/dev/xvda",
                "encrypted": false,
                "iops": 3000,
                "kms_key_id": "",
                "tags": {},
                "tags_all": {},
                "throughput": 125,
                "volume_id": "vol-02b4b161dad7a3fab",
                "volume_size": 2,
                "volume_type": "gp3"
              }
            ],
            "secondary_private_ips": [],
            "security_groups": [
              "demo-lab-cicd-sg"
            ],
            "source_dest_check": true,
            "spot_instance_request_id": "",
            "subnet_id": "subnet-00c5a8cdce6c066b0",
            "tags": {
              "Name": "demo-lab-cicd-ec2",
              "Project": "demo-lab-cicd"
            },
            "tags_all": {
              "Name": "demo-lab-cicd-ec2",
              "Project": "demo-lab-cicd"
            },
            "tenancy": "default",
            "timeouts": null,
            "user_data": "75d6c4ff157a86e13fa12c68c5faf113b7ac8625",
            "user_data_base64": null,
            "user_data_replace_on_change": false,
            "volume_tags": null,
            "vpc_security_group_ids": [
              "sg-0dfa9d3f347636c48"
            ]
          },
          "sensitive_attributes": [],
          "identity_schema_version": 0,
          "private": "eyJlMmJmYjczMC1lY2FhLTExZTYtOGY4OC0zNDM2M2JjN2M0YzAiOnsiY3JlYXRlIjo2MDAwMDAwMDAwMDAsImRlbGV0ZSI6MTIwMDAwMDAwMDAwMCwicmVhZCI6OTAwMDAwMDAwMDAwLCJ1cGRhdGUiOjYwMDAwMDAwMDAwMH0sInNjaGVtYV92ZXJzaW9uIjoiMSJ9",
          "dependencies": [
            "aws_key_pair.this",
            "aws_security_group.this",
            "data.aws_ami.al2023"
          ]
        }
      ]
    },
    {
      "mode": "managed",
      "type": "aws_key_pair",
      "name": "this",
      "provider": "provider[\"registry.terraform.io/hashicorp/aws\"]",
      "instances": [
        {
          "schema_version": 1,
          "attributes": {
            "arn": "arn:aws:ec2:us-east-1:274436153853:key-pair/demo-lab-cicd-kp",
            "fingerprint": "96:c7:40:be:59:8c:ab:67:d1:9b:c4:49:a5:75:29:b0",
            "id": "demo-lab-cicd-kp",
            "key_name": "demo-lab-cicd-kp",
            "key_name_prefix": "",
            "key_pair_id": "key-0208534454accaddd",
            "key_type": "rsa",
            "public_key": "ssh-rsa AAAAB3NzaC1yc2EAAAADAQABAAACAQDP4vbxDTohd88mYqhTszACJq3chZQZwavrNPZdX2H0oNcxRnNsZ/uArgsksCKZ649yurjX/N4Iukk1XNg34Wsx1vdei+vH/MlvWtRYXokB1fXizdWXhSmd/4sP0Ejky1OfqpkbO6CtCIC90vrm1paHDKQgmoftQU6Ba0n1RRVP5FbfYf06l0sKf2Er5GsXEZ/wJ1mb5ns5hF1j2BpcSTr+8HFrh2wZgTCUsXBQ+XGNoFGj59X38LVMbP4JOgEz5Tf5m43R9XoJizcCztQcS4G1uw6vw8AIcXOTUBRpFb+gsrq1Qt3V+h3I6K5E7RfSta9mPP7nFzFRa5/f5MFNHOGW0pqMdxZ4RYtI7fUtilrGzFJLkGGxXIiXAR+dYkC2yIyvmyhmdOxaUCopRM78ng5n+hSbNZcxWhij+vs1KaTVbj14KJYdXwKkSav82BZ4wqsJdl015hg+MczZj9g7B3wiQfoX8adPAad7gWYRYOCF865M5IzdjYOX6ZesH+ITnr88ZBWcBAV+wzTOAJUtm4UfKGP5ZSy3AifhvT6VnOVDHjF6ZheUB8Vx5arZeHNk3Ilpc4NkVuQBNmG+HtO9h4hqHGGmi/eLqColg1KtNT9V4yyi4VA5DOIOSkZScuF1lmM9h7zLjecVDn2oVBjYKhITtO0OsGN4rcxUOTFSPTOlew== guinchalopezjuancarlos@gmail.com",
            "tags": null,
            "tags_all": {}
          },
          "sensitive_attributes": [],
          "identity_schema_version": 0,
          "private": "eyJzY2hlbWFfdmVyc2lvbiI6IjEifQ=="
        }
      ]
    },
    {
      "mode": "managed",
      "type": "aws_security_group",
      "name": "this",
      "provider": "provider[\"registry.terraform.io/hashicorp/aws\"]",
      "instances": [
        {
          "schema_version": 1,
          "attributes": {
            "arn": "arn:aws:ec2:us-east-1:274436153853:security-group/sg-0dfa9d3f347636c48",
            "description": "Acceso SSH limitado e HTTP publico",
            "egress": [
              {
                "cidr_blocks": [
                  "0.0.0.0/0"
                ],
                "description": "Salida libre",
                "from_port": 0,
                "ipv6_cidr_blocks": [],
                "prefix_list_ids": [],
                "protocol": "-1",
                "security_groups": [],
                "self": false,
                "to_port": 0
              }
            ],
            "id": "sg-0dfa9d3f347636c48",
            "ingress": [
              {
                "cidr_blocks": [
                  "0.0.0.0/0"
                ],
                "description": "HTTP",
                "from_port": 80,
                "ipv6_cidr_blocks": [],
                "prefix_list_ids": [],
                "protocol": "tcp",
                "security_groups": [],
                "self": false,
                "to_port": 80
              },
              {
                "cidr_blocks": [
                  "0.0.0.0/0"
                ],
                "description": "SSH",
                "from_port": 22,
                "ipv6_cidr_blocks": [],
                "prefix_list_ids": [],
                "protocol": "tcp",
                "security_groups": [],
                "self": false,
                "to_port": 22
              }
            ],
            "name": "demo-lab-cicd-sg",
            "name_prefix": "",
            "owner_id": "274436153853",
            "revoke_rules_on_delete": false,
            "tags": {
              "Name": "demo-lab-cicd-sg",
              "Project": "demo-lab-cicd"
            },
            "tags_all": {
              "Name": "demo-lab-cicd-sg",
              "Project": "demo-lab-cicd"
            },
            "timeouts": null,
            "vpc_id": "vpc-034fa736839652338"
          },
          "sensitive_attributes": [],
          "identity_schema_version": 0,
          "private": "eyJlMmJmYjczMC1lY2FhLTExZTYtOGY4OC0zNDM2M2JjN2M0YzAiOnsiY3JlYXRlIjo2MDAwMDAwMDAwMDAsImRlbGV0ZSI6OTAwMDAwMDAwMDAwfSwic2NoZW1hX3ZlcnNpb24iOiIxIn0="
        }
      ]
    }
  ],
  "check_results": null
}
